
Microsoft Visual Studio Solution File, Format Version 12.00
# Visual Studio Version 16
VisualStudioVersion = 16.0.30621.155
MinimumVisualStudioVersion = 10.0.40219.1
Project("{FAE04EC0-301F-11D3-BF4B-00C04F79EFBC}") = "Video_Rental_Assignment", "Video_Rental_Assignment.csproj", "{216BE2C8-F44F-47F4-BCF4-31A373048E05}"
EndProject
Global
	GlobalSection(SolutionConfigurationPlatforms) = preSolution
		Debug|Any CPU = Debug|Any CPU
		Release|Any CPU = Release|Any CPU
	EndGlobalSection
	GlobalSection(ProjectConfigurationPlatforms) = postSolution
		{216BE2C8-F44F-47F4-BCF4-31A373048E05}.Debug|Any CPU.ActiveCfg = Debug|Any CPU
		{216BE2C8-F44F-47F4-BCF4-31A373048E05}.Debug|Any CPU.Build.0 = Debug|Any CPU
		{216BE2C8-F44F-47F4-BCF4-31A373048E05}.Release|Any CPU.ActiveCfg = Release|Any CPU
		{216BE2C8-F44F-47F4-BCF4-31A373048E05}.Release|Any CPU.Build.0 = Release|Any CPU
	EndGlobalSection
	GlobalSection(SolutionProperties) = preSolution
		HideSolutionNode = FALSE
	EndGlobalSection
	GlobalSection(ExtensibilityGlobals) = postSolution
		SolutionGuid = {D89A2B4A-A44E-472C-9ECC-9E128C61F3DB}
	EndGlobalSection
EndGlobal
